
Microsoft Visual Studio Solution File, Format Version 12.00
# Visual Studio Version 17
VisualStudioVersion = 17.14.36408.4
MinimumVisualStudioVersion = 10.0.40219.1
Project("{FAE04EC0-301F-11D3-BF4B-00C04F79EFBC}") = "TinyBlueWhale.MinimalApi.Endpoints", "TinyBlueWhale.MinimalApi.Endpoints\TinyBlueWhale.MinimalApi.Endpoints.csproj", "{66C0B86E-4D46-4E52-9071-ECB5BA6FEC81}"
EndProject
Project("{FAE04EC0-301F-11D3-BF4B-00C04F79EFBC}") = "TinyBlueWhale.MinimalApi.Tests", "TinyBlueWhale.MinimalApi.Tests\TinyBlueWhale.MinimalApi.Tests.csproj", "{EE959A82-DE1B-4A4D-B09C-7B2341BDCBE4}"
EndProject
Project("{FAE04EC0-301F-11D3-BF4B-00C04F79EFBC}") = "TinyBlueWhale.MinimalApi.Playground", "TinyBlueWhale.MinimalApi.Playground\TinyBlueWhale.MinimalApi.Playground.csproj", "{C8ECAF58-A30A-4B24-9A42-55DEFEDBE3CB}"
EndProject
Project("{FAE04EC0-301F-11D3-BF4B-00C04F79EFBC}") = "TinyBlueWhale.MinimalApi.Versioning", "TinyBlueWhale.MinimalApi.Versioning\TinyBlueWhale.MinimalApi.Versioning.csproj", "{72FAB294-4C93-4872-A23E-0204A54F7171}"
EndProject
Project("{FAE04EC0-301F-11D3-BF4B-00C04F79EFBC}") = "TinyBlueWhale.MinimalApi.Responses", "TinyBlueWhale.MinimalApi.Responses\TinyBlueWhale.MinimalApi.Responses.csproj", "{7E8C7D2D-90D9-4045-8554-9BE33800CB2B}"
EndProject
Project("{FAE04EC0-301F-11D3-BF4B-00C04F79EFBC}") = "TinyBlueWhale.MinimalApi", "TinyBlueWhale.MinimalApi\TinyBlueWhale.MinimalApi.csproj", "{F05E3C86-8E74-4CBA-9E80-2D4572CAACAD}"
EndProject
Global
	GlobalSection(SolutionConfigurationPlatforms) = preSolution
		Debug|Any CPU = Debug|Any CPU
		Release|Any CPU = Release|Any CPU
	EndGlobalSection
	GlobalSection(ProjectConfigurationPlatforms) = postSolution
		{66C0B86E-4D46-4E52-9071-ECB5BA6FEC81}.Debug|Any CPU.ActiveCfg = Debug|Any CPU
		{66C0B86E-4D46-4E52-9071-ECB5BA6FEC81}.Debug|Any CPU.Build.0 = Debug|Any CPU
		{66C0B86E-4D46-4E52-9071-ECB5BA6FEC81}.Release|Any CPU.ActiveCfg = Release|Any CPU
		{66C0B86E-4D46-4E52-9071-ECB5BA6FEC81}.Release|Any CPU.Build.0 = Release|Any CPU
		{EE959A82-DE1B-4A4D-B09C-7B2341BDCBE4}.Debug|Any CPU.ActiveCfg = Debug|Any CPU
		{EE959A82-DE1B-4A4D-B09C-7B2341BDCBE4}.Debug|Any CPU.Build.0 = Debug|Any CPU
		{EE959A82-DE1B-4A4D-B09C-7B2341BDCBE4}.Release|Any CPU.ActiveCfg = Release|Any CPU
		{EE959A82-DE1B-4A4D-B09C-7B2341BDCBE4}.Release|Any CPU.Build.0 = Release|Any CPU
		{C8ECAF58-A30A-4B24-9A42-55DEFEDBE3CB}.Debug|Any CPU.ActiveCfg = Debug|Any CPU
		{C8ECAF58-A30A-4B24-9A42-55DEFEDBE3CB}.Debug|Any CPU.Build.0 = Debug|Any CPU
		{C8ECAF58-A30A-4B24-9A42-55DEFEDBE3CB}.Release|Any CPU.ActiveCfg = Release|Any CPU
		{C8ECAF58-A30A-4B24-9A42-55DEFEDBE3CB}.Release|Any CPU.Build.0 = Release|Any CPU
		{72FAB294-4C93-4872-A23E-0204A54F7171}.Debug|Any CPU.ActiveCfg = Debug|Any CPU
		{72FAB294-4C93-4872-A23E-0204A54F7171}.Debug|Any CPU.Build.0 = Debug|Any CPU
		{72FAB294-4C93-4872-A23E-0204A54F7171}.Release|Any CPU.ActiveCfg = Release|Any CPU
		{72FAB294-4C93-4872-A23E-0204A54F7171}.Release|Any CPU.Build.0 = Release|Any CPU
		{7E8C7D2D-90D9-4045-8554-9BE33800CB2B}.Debug|Any CPU.ActiveCfg = Debug|Any CPU
		{7E8C7D2D-90D9-4045-8554-9BE33800CB2B}.Debug|Any CPU.Build.0 = Debug|Any CPU
		{7E8C7D2D-90D9-4045-8554-9BE33800CB2B}.Release|Any CPU.ActiveCfg = Release|Any CPU
		{7E8C7D2D-90D9-4045-8554-9BE33800CB2B}.Release|Any CPU.Build.0 = Release|Any CPU
		{F05E3C86-8E74-4CBA-9E80-2D4572CAACAD}.Debug|Any CPU.ActiveCfg = Debug|Any CPU
		{F05E3C86-8E74-4CBA-9E80-2D4572CAACAD}.Debug|Any CPU.Build.0 = Debug|Any CPU
		{F05E3C86-8E74-4CBA-9E80-2D4572CAACAD}.Release|Any CPU.ActiveCfg = Release|Any CPU
		{F05E3C86-8E74-4CBA-9E80-2D4572CAACAD}.Release|Any CPU.Build.0 = Release|Any CPU
	EndGlobalSection
	GlobalSection(SolutionProperties) = preSolution
		HideSolutionNode = FALSE
	EndGlobalSection
	GlobalSection(ExtensibilityGlobals) = postSolution
		SolutionGuid = {BB3839BE-2301-4726-B69D-B110971FCE60}
	EndGlobalSection
EndGlobal
